
Microsoft Visual Studio Solution File, Format Version 12.00
# Visual Studio Version 16
VisualStudioVersion = 16.0.29001.49
MinimumVisualStudioVersion = 10.0.40219.1
Project("{FAE04EC0-301F-11D3-BF4B-00C04F79EFBC}") = "Mogster.Core", "Mogster.Core\Mogster.Core.csproj", "{98F29BB3-D942-4735-85FC-D5B8D9ABA588}"
EndProject
Project("{9092AA53-FB77-4645-B42D-1CCCA6BD08BD}") = "Mogster.UI", "Mogster.UI\Mogster.UI.njsproj", "{F1CE9FFF-4E80-4C97-9054-71A951E16893}"
EndProject
Global
	GlobalSection(SolutionConfigurationPlatforms) = preSolution
		Debug|Any CPU = Debug|Any CPU
		Release|Any CPU = Release|Any CPU
	EndGlobalSection
	GlobalSection(ProjectConfigurationPlatforms) = postSolution
		{98F29BB3-D942-4735-85FC-D5B8D9ABA588}.Debug|Any CPU.ActiveCfg = Debug|Any CPU
		{98F29BB3-D942-4735-85FC-D5B8D9ABA588}.Debug|Any CPU.Build.0 = Debug|Any CPU
		{98F29BB3-D942-4735-85FC-D5B8D9ABA588}.Release|Any CPU.ActiveCfg = Release|Any CPU
		{98F29BB3-D942-4735-85FC-D5B8D9ABA588}.Release|Any CPU.Build.0 = Release|Any CPU
		{F1CE9FFF-4E80-4C97-9054-71A951E16893}.Debug|Any CPU.ActiveCfg = Debug|Any CPU
		{F1CE9FFF-4E80-4C97-9054-71A951E16893}.Debug|Any CPU.Build.0 = Debug|Any CPU
		{F1CE9FFF-4E80-4C97-9054-71A951E16893}.Release|Any CPU.ActiveCfg = Release|Any CPU
		{F1CE9FFF-4E80-4C97-9054-71A951E16893}.Release|Any CPU.Build.0 = Release|Any CPU
	EndGlobalSection
	GlobalSection(SolutionProperties) = preSolution
		HideSolutionNode = FALSE
	EndGlobalSection
	GlobalSection(ExtensibilityGlobals) = postSolution
		SolutionGuid = {EC6DF162-7B9C-48FB-9774-D0B461E50380}
	EndGlobalSection
EndGlobal
